
Microsoft Visual Studio Solution File, Format Version 12.00
# Visual Studio Version 17
VisualStudioVersion = 17.4.33213.308
MinimumVisualStudioVersion = 10.0.40219.1
Project("{FAE04EC0-301F-11D3-BF4B-00C04F79EFBC}") = "OUTPUT_BAT", "OUTPUT_BAT\OUTPUT_BAT.csproj", "{00E1CC9B-7549-46C7-A4D1-6E516BDE660D}"
EndProject
Global
	GlobalSection(SolutionConfigurationPlatforms) = preSolution
		Debug|Any CPU = Debug|Any CPU
		Release|Any CPU = Release|Any CPU
	EndGlobalSection
	GlobalSection(ProjectConfigurationPlatforms) = postSolution
		{00E1CC9B-7549-46C7-A4D1-6E516BDE660D}.Debug|Any CPU.ActiveCfg = Debug|Any CPU
		{00E1CC9B-7549-46C7-A4D1-6E516BDE660D}.Debug|Any CPU.Build.0 = Debug|Any CPU
		{00E1CC9B-7549-46C7-A4D1-6E516BDE660D}.Release|Any CPU.ActiveCfg = Release|Any CPU
		{00E1CC9B-7549-46C7-A4D1-6E516BDE660D}.Release|Any CPU.Build.0 = Release|Any CPU
	EndGlobalSection
	GlobalSection(SolutionProperties) = preSolution
		HideSolutionNode = FALSE
	EndGlobalSection
	GlobalSection(ExtensibilityGlobals) = postSolution
		SolutionGuid = {7E64E1D7-CCE0-4D23-B95A-BB2E66D6FC16}
	EndGlobalSection
EndGlobal
